
Microsoft Visual Studio Solution File, Format Version 12.00
# Visual Studio 2010
Project("{2150E333-8FDC-42A3-9474-1A3956D46DE8}") = "Demo", "Demo", "{69953842-655B-4E4C-9CB0-284F0390D323}"
EndProject
Project("{FAE04EC0-301F-11D3-BF4B-00C04F79EFBC}") = "Xpress.Chat.Domain", "Xpress.Chart.Domain\Xpress.Chat.Domain.csproj", "{EDFF63AB-3B20-41E6-869D-26AA995DE025}"
EndProject
Project("{FAE04EC0-301F-11D3-BF4B-00C04F79EFBC}") = "EApp.Common", "EApp.Common\EApp.Common.csproj", "{0CB524D0-68CB-47B8-8B9F-9915CBE19F31}"
EndProject
Project("{FAE04EC0-301F-11D3-BF4B-00C04F79EFBC}") = "EApp.UI.Controls", "EApp.UI.Controls\EApp.UI.Controls.csproj", "{1B846C86-F3EF-48C1-9D02-7875394C13DC}"
EndProject
Project("{FAE04EC0-301F-11D3-BF4B-00C04F79EFBC}") = "EApp.Windows.Mvc", "EApp.Windows.Mvc\EApp.Windows.Mvc.csproj", "{FD5A8A44-413E-478B-8DD4-C6270107C885}"
EndProject
Project("{FAE04EC0-301F-11D3-BF4B-00C04F79EFBC}") = "Xpress.UI", "Xpress.UI\Xpress.UI.csproj", "{3FF46FD1-492A-4DE9-BA07-4C5F1ACEA60E}"
EndProject
Project("{FAE04EC0-301F-11D3-BF4B-00C04F79EFBC}") = "EApp.Plugin.Generic", "EApp.Plugin.Generic\EApp.Plugin.Generic.csproj", "{5F8A9CFC-3150-4C12-AF26-0B8298CE1FF8}"
EndProject
Project("{FAE04EC0-301F-11D3-BF4B-00C04F79EFBC}") = "Xpress.UI.Plugins", "Xpress.UI.Plugins\Xpress.UI.Plugins.csproj", "{6A170104-5120-4E18-AF57-1D89F3CA2D74}"
EndProject
Project("{FAE04EC0-301F-11D3-BF4B-00C04F79EFBC}") = "Xpress.Core", "Xpress.Core\Xpress.Core.csproj", "{73F121D1-019B-40A5-9171-73B1030375F5}"
EndProject
Project("{FAE04EC0-301F-11D3-BF4B-00C04F79EFBC}") = "Xpress.Resources", "Xpress.Resources\Xpress.Resources.csproj", "{EE878E3B-F721-444F-954F-562B192463E1}"
EndProject
Project("{FAE04EC0-301F-11D3-BF4B-00C04F79EFBC}") = "EApp.Core", "EApp.Core\EApp.Core.csproj", "{DDCADBEE-4C66-43BD-A1C8-76265134B9F2}"
EndProject
Project("{FAE04EC0-301F-11D3-BF4B-00C04F79EFBC}") = "EApp.WebMvc.Plugin", "EApp.WebMVC.Plugin\EApp.WebMvc.Plugin.csproj", "{CEB4F16F-2349-47E8-A69C-5705B4C5281B}"
EndProject
Project("{FAE04EC0-301F-11D3-BF4B-00C04F79EFBC}") = "Xpress.Mvc", "Xpress.Mvc\Xpress.Mvc.csproj", "{8CC54AD5-B722-41D8-98C6-5C1C6FCA1869}"
EndProject
Project("{FAE04EC0-301F-11D3-BF4B-00C04F79EFBC}") = "EApp.Repositories.SqlServer", "EApp.Repositories.SqlServer\EApp.Repositories.SqlServer.csproj", "{69820BD8-912B-461F-BDC2-AFA43E318953}"
EndProject
Project("{FAE04EC0-301F-11D3-BF4B-00C04F79EFBC}") = "EApp.Repositories.EntityFramework", "EApp.Repositories.EntityFramework\EApp.Repositories.EntityFramework.csproj", "{5A6BFFC4-41C0-42CE-9186-56076D3002E6}"
EndProject
Project("{FAE04EC0-301F-11D3-BF4B-00C04F79EFBC}") = "Xpress.Chat.Repositories", "Xpress.Chart.Repositories\Xpress.Chat.Repositories.csproj", "{88554C06-0A93-4EE2-BF13-670433414698}"
EndProject
Project("{FAE04EC0-301F-11D3-BF4B-00C04F79EFBC}") = "Xpress.Chat.ServiceContracts", "Xpress.Chart.ServiceContracts\Xpress.Chat.ServiceContracts.csproj", "{A2327927-2E7F-4DF7-83D8-BB617A3BB72D}"
EndProject
Project("{FAE04EC0-301F-11D3-BF4B-00C04F79EFBC}") = "Xpress.Life", "Xpress.Life\Xpress.Life.csproj", "{7C3BCAC6-0329-42E3-846E-2C3AAECAF03B}"
EndProject
Project("{FAE04EC0-301F-11D3-BF4B-00C04F79EFBC}") = "Xpress.Chat.Application", "Xpress.Chart.Application\Xpress.Chat.Application.csproj", "{331B4A2C-5544-4D0E-B471-ABADA28B2496}"
EndProject
Project("{FAE04EC0-301F-11D3-BF4B-00C04F79EFBC}") = "Xpress.Chat.DataObjects", "Xpress.Chart.DataObjects\Xpress.Chat.DataObjects.csproj", "{55CA50AC-5C76-44B4-9579-FF9090E1D905}"
EndProject
Project("{FAE04EC0-301F-11D3-BF4B-00C04F79EFBC}") = "EApp.Data", "EApp.Data\EApp.Data.csproj", "{0C072ED7-DAB6-4657-B92B-65EB54810774}"
EndProject
Project("{FAE04EC0-301F-11D3-BF4B-00C04F79EFBC}") = "EApp.Mvvm", "EApp.Mvvm\EApp.Mvvm.csproj", "{E5BEF0B3-3307-4591-A2B9-3EBD3FEAED53}"
EndProject
Project("{FAE04EC0-301F-11D3-BF4B-00C04F79EFBC}") = "Xpress.Chat.Services", "Xpress.Chart.Services\Xpress.Chat.Services.csproj", "{285FF342-90C9-4D5C-ACA9-1CEC9E81131A}"
EndProject
Project("{FAE04EC0-301F-11D3-BF4B-00C04F79EFBC}") = "Xpress.Chat.Infrastructure", "Xpress.Chart.Infrastructure\Xpress.Chat.Infrastructure.csproj", "{0322529D-FD0D-4D5F-A3D0-A5B6296F00AE}"
EndProject
Project("{FAE04EC0-301F-11D3-BF4B-00C04F79EFBC}") = "Xpress.Chat.Commands", "Xpress.Chat.Commands\Xpress.Chat.Commands.csproj", "{467E249E-6656-499E-BA28-299DA422FB6B}"
EndProject
Global
	GlobalSection(SolutionConfigurationPlatforms) = preSolution
		Debug|Any CPU = Debug|Any CPU
		Debug|Mixed Platforms = Debug|Mixed Platforms
		Debug|x86 = Debug|x86
		Release|Any CPU = Release|Any CPU
		Release|Mixed Platforms = Release|Mixed Platforms
		Release|x86 = Release|x86
	EndGlobalSection
	GlobalSection(ProjectConfigurationPlatforms) = postSolution
		{EDFF63AB-3B20-41E6-869D-26AA995DE025}.Debug|Any CPU.ActiveCfg = Debug|Any CPU
		{EDFF63AB-3B20-41E6-869D-26AA995DE025}.Debug|Any CPU.Build.0 = Debug|Any CPU
		{EDFF63AB-3B20-41E6-869D-26AA995DE025}.Debug|Mixed Platforms.ActiveCfg = Debug|Any CPU
		{EDFF63AB-3B20-41E6-869D-26AA995DE025}.Debug|Mixed Platforms.Build.0 = Debug|Any CPU
		{EDFF63AB-3B20-41E6-869D-26AA995DE025}.Debug|x86.ActiveCfg = Debug|Any CPU
		{EDFF63AB-3B20-41E6-869D-26AA995DE025}.Release|Any CPU.ActiveCfg = Release|Any CPU
		{EDFF63AB-3B20-41E6-869D-26AA995DE025}.Release|Any CPU.Build.0 = Release|Any CPU
		{EDFF63AB-3B20-41E6-869D-26AA995DE025}.Release|Mixed Platforms.ActiveCfg = Release|Any CPU
		{EDFF63AB-3B20-41E6-869D-26AA995DE025}.Release|Mixed Platforms.Build.0 = Release|Any CPU
		{EDFF63AB-3B20-41E6-869D-26AA995DE025}.Release|x86.ActiveCfg = Release|Any CPU
		{0CB524D0-68CB-47B8-8B9F-9915CBE19F31}.Debug|Any CPU.ActiveCfg = Debug|Any CPU
		{0CB524D0-68CB-47B8-8B9F-9915CBE19F31}.Debug|Any CPU.Build.0 = Debug|Any CPU
		{0CB524D0-68CB-47B8-8B9F-9915CBE19F31}.Debug|Mixed Platforms.ActiveCfg = Debug|Any CPU
		{0CB524D0-68CB-47B8-8B9F-9915CBE19F31}.Debug|Mixed Platforms.Build.0 = Debug|Any CPU
		{0CB524D0-68CB-47B8-8B9F-9915CBE19F31}.Debug|x86.ActiveCfg = Debug|Any CPU
		{0CB524D0-68CB-47B8-8B9F-9915CBE19F31}.Release|Any CPU.ActiveCfg = Release|Any CPU
		{0CB524D0-68CB-47B8-8B9F-9915CBE19F31}.Release|Any CPU.Build.0 = Release|Any CPU
		{0CB524D0-68CB-47B8-8B9F-9915CBE19F31}.Release|Mixed Platforms.ActiveCfg = Release|Any CPU
		{0CB524D0-68CB-47B8-8B9F-9915CBE19F31}.Release|Mixed Platforms.Build.0 = Release|Any CPU
		{0CB524D0-68CB-47B8-8B9F-9915CBE19F31}.Release|x86.ActiveCfg = Release|Any CPU
		{1B846C86-F3EF-48C1-9D02-7875394C13DC}.Debug|Any CPU.ActiveCfg = Debug|Any CPU
		{1B846C86-F3EF-48C1-9D02-7875394C13DC}.Debug|Any CPU.Build.0 = Debug|Any CPU
		{1B846C86-F3EF-48C1-9D02-7875394C13DC}.Debug|Mixed Platforms.ActiveCfg = Debug|Any CPU
		{1B846C86-F3EF-48C1-9D02-7875394C13DC}.Debug|Mixed Platforms.Build.0 = Debug|Any CPU
		{1B846C86-F3EF-48C1-9D02-7875394C13DC}.Debug|x86.ActiveCfg = Debug|Any CPU
		{1B846C86-F3EF-48C1-9D02-7875394C13DC}.Release|Any CPU.ActiveCfg = Release|Any CPU
		{1B846C86-F3EF-48C1-9D02-7875394C13DC}.Release|Any CPU.Build.0 = Release|Any CPU
		{1B846C86-F3EF-48C1-9D02-7875394C13DC}.Release|Mixed Platforms.ActiveCfg = Release|Any CPU
		{1B846C86-F3EF-48C1-9D02-7875394C13DC}.Release|Mixed Platforms.Build.0 = Release|Any CPU
		{1B846C86-F3EF-48C1-9D02-7875394C13DC}.Release|x86.ActiveCfg = Release|Any CPU
		{FD5A8A44-413E-478B-8DD4-C6270107C885}.Debug|Any CPU.ActiveCfg = Debug|Any CPU
		{FD5A8A44-413E-478B-8DD4-C6270107C885}.Debug|Any CPU.Build.0 = Debug|Any CPU
		{FD5A8A44-413E-478B-8DD4-C6270107C885}.Debug|Mixed Platforms.ActiveCfg = Debug|Any CPU
		{FD5A8A44-413E-478B-8DD4-C6270107C885}.Debug|Mixed Platforms.Build.0 = Debug|Any CPU
		{FD5A8A44-413E-478B-8DD4-C6270107C885}.Debug|x86.ActiveCfg = Debug|Any CPU
		{FD5A8A44-413E-478B-8DD4-C6270107C885}.Release|Any CPU.ActiveCfg = Release|Any CPU
		{FD5A8A44-413E-478B-8DD4-C6270107C885}.Release|Any CPU.Build.0 = Release|Any CPU
		{FD5A8A44-413E-478B-8DD4-C6270107C885}.Release|Mixed Platforms.ActiveCfg = Release|Any CPU
		{FD5A8A44-413E-478B-8DD4-C6270107C885}.Release|Mixed Platforms.Build.0 = Release|Any CPU
		{FD5A8A44-413E-478B-8DD4-C6270107C885}.Release|x86.ActiveCfg = Release|Any CPU
		{3FF46FD1-492A-4DE9-BA07-4C5F1ACEA60E}.Debug|Any CPU.ActiveCfg = Debug|x86
		{3FF46FD1-492A-4DE9-BA07-4C5F1ACEA60E}.Debug|Mixed Platforms.ActiveCfg = Debug|x86
		{3FF46FD1-492A-4DE9-BA07-4C5F1ACEA60E}.Debug|Mixed Platforms.Build.0 = Debug|x86
		{3FF46FD1-492A-4DE9-BA07-4C5F1ACEA60E}.Debug|x86.ActiveCfg = Debug|x86
		{3FF46FD1-492A-4DE9-BA07-4C5F1ACEA60E}.Debug|x86.Build.0 = Debug|x86
		{3FF46FD1-492A-4DE9-BA07-4C5F1ACEA60E}.Release|Any CPU.ActiveCfg = Release|x86
		{3FF46FD1-492A-4DE9-BA07-4C5F1ACEA60E}.Release|Mixed Platforms.ActiveCfg = Release|x86
		{3FF46FD1-492A-4DE9-BA07-4C5F1ACEA60E}.Release|Mixed Platforms.Build.0 = Release|x86
		{3FF46FD1-492A-4DE9-BA07-4C5F1ACEA60E}.Release|x86.ActiveCfg = Release|x86
		{3FF46FD1-492A-4DE9-BA07-4C5F1ACEA60E}.Release|x86.Build.0 = Release|x86
		{5F8A9CFC-3150-4C12-AF26-0B8298CE1FF8}.Debug|Any CPU.ActiveCfg = Debug|Any CPU
		{5F8A9CFC-3150-4C12-AF26-0B8298CE1FF8}.Debug|Any CPU.Build.0 = Debug|Any CPU
		{5F8A9CFC-3150-4C12-AF26-0B8298CE1FF8}.Debug|Mixed Platforms.ActiveCfg = Debug|Any CPU
		{5F8A9CFC-3150-4C12-AF26-0B8298CE1FF8}.Debug|Mixed Platforms.Build.0 = Debug|Any CPU
		{5F8A9CFC-3150-4C12-AF26-0B8298CE1FF8}.Debug|x86.ActiveCfg = Debug|Any CPU
		{5F8A9CFC-3150-4C12-AF26-0B8298CE1FF8}.Release|Any CPU.ActiveCfg = Release|Any CPU
		{5F8A9CFC-3150-4C12-AF26-0B8298CE1FF8}.Release|Any CPU.Build.0 = Release|Any CPU
		{5F8A9CFC-3150-4C12-AF26-0B8298CE1FF8}.Release|Mixed Platforms.ActiveCfg = Release|Any CPU
		{5F8A9CFC-3150-4C12-AF26-0B8298CE1FF8}.Release|Mixed Platforms.Build.0 = Release|Any CPU
		{5F8A9CFC-3150-4C12-AF26-0B8298CE1FF8}.Release|x86.ActiveCfg = Release|Any CPU
		{6A170104-5120-4E18-AF57-1D89F3CA2D74}.Debug|Any CPU.ActiveCfg = Debug|Any CPU
		{6A170104-5120-4E18-AF57-1D89F3CA2D74}.Debug|Any CPU.Build.0 = Debug|Any CPU
		{6A170104-5120-4E18-AF57-1D89F3CA2D74}.Debug|Mixed Platforms.ActiveCfg = Debug|Any CPU
		{6A170104-5120-4E18-AF57-1D89F3CA2D74}.Debug|Mixed Platforms.Build.0 = Debug|Any CPU
		{6A170104-5120-4E18-AF57-1D89F3CA2D74}.Debug|x86.ActiveCfg = Debug|Any CPU
		{6A170104-5120-4E18-AF57-1D89F3CA2D74}.Release|Any CPU.ActiveCfg = Release|Any CPU
		{6A170104-5120-4E18-AF57-1D89F3CA2D74}.Release|Any CPU.Build.0 = Release|Any CPU
		{6A170104-5120-4E18-AF57-1D89F3CA2D74}.Release|Mixed Platforms.ActiveCfg = Release|Any CPU
		{6A170104-5120-4E18-AF57-1D89F3CA2D74}.Release|Mixed Platforms.Build.0 = Release|Any CPU
		{6A170104-5120-4E18-AF57-1D89F3CA2D74}.Release|x86.ActiveCfg = Release|Any CPU
		{73F121D1-019B-40A5-9171-73B1030375F5}.Debug|Any CPU.ActiveCfg = Debug|Any CPU
		{73F121D1-019B-40A5-9171-73B1030375F5}.Debug|Any CPU.Build.0 = Debug|Any CPU
		{73F121D1-019B-40A5-9171-73B1030375F5}.Debug|Mixed Platforms.ActiveCfg = Debug|Any CPU
		{73F121D1-019B-40A5-9171-73B1030375F5}.Debug|Mixed Platforms.Build.0 = Debug|Any CPU
		{73F121D1-019B-40A5-9171-73B1030375F5}.Debug|x86.ActiveCfg = Debug|Any CPU
		{73F121D1-019B-40A5-9171-73B1030375F5}.Release|Any CPU.ActiveCfg = Release|Any CPU
		{73F121D1-019B-40A5-9171-73B1030375F5}.Release|Any CPU.Build.0 = Release|Any CPU
		{73F121D1-019B-40A5-9171-73B1030375F5}.Release|Mixed Platforms.ActiveCfg = Release|Any CPU
		{73F121D1-019B-40A5-9171-73B1030375F5}.Release|Mixed Platforms.Build.0 = Release|Any CPU
		{73F121D1-019B-40A5-9171-73B1030375F5}.Release|x86.ActiveCfg = Release|Any CPU
		{EE878E3B-F721-444F-954F-562B192463E1}.Debug|Any CPU.ActiveCfg = Debug|Any CPU
		{EE878E3B-F721-444F-954F-562B192463E1}.Debug|Any CPU.Build.0 = Debug|Any CPU
		{EE878E3B-F721-444F-954F-562B192463E1}.Debug|Mixed Platforms.ActiveCfg = Debug|Any CPU
		{EE878E3B-F721-444F-954F-562B192463E1}.Debug|Mixed Platforms.Build.0 = Debug|Any CPU
		{EE878E3B-F721-444F-954F-562B192463E1}.Debug|x86.ActiveCfg = Debug|Any CPU
		{EE878E3B-F721-444F-954F-562B192463E1}.Release|Any CPU.ActiveCfg = Release|Any CPU
		{EE878E3B-F721-444F-954F-562B192463E1}.Release|Any CPU.Build.0 = Release|Any CPU
		{EE878E3B-F721-444F-954F-562B192463E1}.Release|Mixed Platforms.ActiveCfg = Release|Any CPU
		{EE878E3B-F721-444F-954F-562B192463E1}.Release|Mixed Platforms.Build.0 = Release|Any CPU
		{EE878E3B-F721-444F-954F-562B192463E1}.Release|x86.ActiveCfg = Release|Any CPU
		{DDCADBEE-4C66-43BD-A1C8-76265134B9F2}.Debug|Any CPU.ActiveCfg = Debug|Any CPU
		{DDCADBEE-4C66-43BD-A1C8-76265134B9F2}.Debug|Any CPU.Build.0 = Debug|Any CPU
		{DDCADBEE-4C66-43BD-A1C8-76265134B9F2}.Debug|Mixed Platforms.ActiveCfg = Debug|Any CPU
		{DDCADBEE-4C66-43BD-A1C8-76265134B9F2}.Debug|Mixed Platforms.Build.0 = Debug|Any CPU
		{DDCADBEE-4C66-43BD-A1C8-76265134B9F2}.Debug|x86.ActiveCfg = Debug|Any CPU
		{DDCADBEE-4C66-43BD-A1C8-76265134B9F2}.Release|Any CPU.ActiveCfg = Release|Any CPU
		{DDCADBEE-4C66-43BD-A1C8-76265134B9F2}.Release|Any CPU.Build.0 = Release|Any CPU
		{DDCADBEE-4C66-43BD-A1C8-76265134B9F2}.Release|Mixed Platforms.ActiveCfg = Release|Any CPU
		{DDCADBEE-4C66-43BD-A1C8-76265134B9F2}.Release|Mixed Platforms.Build.0 = Release|Any CPU
		{DDCADBEE-4C66-43BD-A1C8-76265134B9F2}.Release|x86.ActiveCfg = Release|Any CPU
		{CEB4F16F-2349-47E8-A69C-5705B4C5281B}.Debug|Any CPU.ActiveCfg = Debug|Any CPU
		{CEB4F16F-2349-47E8-A69C-5705B4C5281B}.Debug|Any CPU.Build.0 = Debug|Any CPU
		{CEB4F16F-2349-47E8-A69C-5705B4C5281B}.Debug|Mixed Platforms.ActiveCfg = Debug|Any CPU
		{CEB4F16F-2349-47E8-A69C-5705B4C5281B}.Debug|Mixed Platforms.Build.0 = Debug|Any CPU
		{CEB4F16F-2349-47E8-A69C-5705B4C5281B}.Debug|x86.ActiveCfg = Debug|Any CPU
		{CEB4F16F-2349-47E8-A69C-5705B4C5281B}.Release|Any CPU.ActiveCfg = Release|Any CPU
		{CEB4F16F-2349-47E8-A69C-5705B4C5281B}.Release|Any CPU.Build.0 = Release|Any CPU
		{CEB4F16F-2349-47E8-A69C-5705B4C5281B}.Release|Mixed Platforms.ActiveCfg = Release|Any CPU
		{CEB4F16F-2349-47E8-A69C-5705B4C5281B}.Release|Mixed Platforms.Build.0 = Release|Any CPU
		{CEB4F16F-2349-47E8-A69C-5705B4C5281B}.Release|x86.ActiveCfg = Release|Any CPU
		{8CC54AD5-B722-41D8-98C6-5C1C6FCA1869}.Debug|Any CPU.ActiveCfg = Debug|x86
		{8CC54AD5-B722-41D8-98C6-5C1C6FCA1869}.Debug|Mixed Platforms.ActiveCfg = Debug|x86
		{8CC54AD5-B722-41D8-98C6-5C1C6FCA1869}.Debug|Mixed Platforms.Build.0 = Debug|x86
		{8CC54AD5-B722-41D8-98C6-5C1C6FCA1869}.Debug|x86.ActiveCfg = Debug|x86
		{8CC54AD5-B722-41D8-98C6-5C1C6FCA1869}.Debug|x86.Build.0 = Debug|x86
		{8CC54AD5-B722-41D8-98C6-5C1C6FCA1869}.Release|Any CPU.ActiveCfg = Release|x86
		{8CC54AD5-B722-41D8-98C6-5C1C6FCA1869}.Release|Mixed Platforms.ActiveCfg = Release|x86
		{8CC54AD5-B722-41D8-98C6-5C1C6FCA1869}.Release|Mixed Platforms.Build.0 = Release|x86
		{8CC54AD5-B722-41D8-98C6-5C1C6FCA1869}.Release|x86.ActiveCfg = Release|x86
		{8CC54AD5-B722-41D8-98C6-5C1C6FCA1869}.Release|x86.Build.0 = Release|x86
		{69820BD8-912B-461F-BDC2-AFA43E318953}.Debug|Any CPU.ActiveCfg = Debug|Any CPU
		{69820BD8-912B-461F-BDC2-AFA43E318953}.Debug|Any CPU.Build.0 = Debug|Any CPU
		{69820BD8-912B-461F-BDC2-AFA43E318953}.Debug|Mixed Platforms.ActiveCfg = Debug|Any CPU
		{69820BD8-912B-461F-BDC2-AFA43E318953}.Debug|Mixed Platforms.Build.0 = Debug|Any CPU
		{69820BD8-912B-461F-BDC2-AFA43E318953}.Debug|x86.ActiveCfg = Debug|Any CPU
		{69820BD8-912B-461F-BDC2-AFA43E318953}.Release|Any CPU.ActiveCfg = Release|Any CPU
		{69820BD8-912B-461F-BDC2-AFA43E318953}.Release|Any CPU.Build.0 = Release|Any CPU
		{69820BD8-912B-461F-BDC2-AFA43E318953}.Release|Mixed Platforms.ActiveCfg = Release|Any CPU
		{69820BD8-912B-461F-BDC2-AFA43E318953}.Release|Mixed Platforms.Build.0 = Release|Any CPU
		{69820BD8-912B-461F-BDC2-AFA43E318953}.Release|x86.ActiveCfg = Release|Any CPU
		{5A6BFFC4-41C0-42CE-9186-56076D3002E6}.Debug|Any CPU.ActiveCfg = Debug|Any CPU
		{5A6BFFC4-41C0-42CE-9186-56076D3002E6}.Debug|Any CPU.Build.0 = Debug|Any CPU
		{5A6BFFC4-41C0-42CE-9186-56076D3002E6}.Debug|Mixed Platforms.ActiveCfg = Debug|Any CPU
		{5A6BFFC4-41C0-42CE-9186-56076D3002E6}.Debug|Mixed Platforms.Build.0 = Debug|Any CPU
		{5A6BFFC4-41C0-42CE-9186-56076D3002E6}.Debug|x86.ActiveCfg = Debug|Any CPU
		{5A6BFFC4-41C0-42CE-9186-56076D3002E6}.Release|Any CPU.ActiveCfg = Release|Any CPU
		{5A6BFFC4-41C0-42CE-9186-56076D3002E6}.Release|Any CPU.Build.0 = Release|Any CPU
		{5A6BFFC4-41C0-42CE-9186-56076D3002E6}.Release|Mixed Platforms.ActiveCfg = Release|Any CPU
		{5A6BFFC4-41C0-42CE-9186-56076D3002E6}.Release|Mixed Platforms.Build.0 = Release|Any CPU
		{5A6BFFC4-41C0-42CE-9186-56076D3002E6}.Release|x86.ActiveCfg = Release|Any CPU
		{88554C06-0A93-4EE2-BF13-670433414698}.Debug|Any CPU.ActiveCfg = Debug|Any CPU
		{88554C06-0A93-4EE2-BF13-670433414698}.Debug|Any CPU.Build.0 = Debug|Any CPU
		{88554C06-0A93-4EE2-BF13-670433414698}.Debug|Mixed Platforms.ActiveCfg = Debug|Any CPU
		{88554C06-0A93-4EE2-BF13-670433414698}.Debug|Mixed Platforms.Build.0 = Debug|Any CPU
		{88554C06-0A93-4EE2-BF13-670433414698}.Debug|x86.ActiveCfg = Debug|Any CPU
		{88554C06-0A93-4EE2-BF13-670433414698}.Release|Any CPU.ActiveCfg = Release|Any CPU
		{88554C06-0A93-4EE2-BF13-670433414698}.Release|Any CPU.Build.0 = Release|Any CPU
		{88554C06-0A93-4EE2-BF13-670433414698}.Release|Mixed Platforms.ActiveCfg = Release|Any CPU
		{88554C06-0A93-4EE2-BF13-670433414698}.Release|Mixed Platforms.Build.0 = Release|Any CPU
		{88554C06-0A93-4EE2-BF13-670433414698}.Release|x86.ActiveCfg = Release|Any CPU
		{A2327927-2E7F-4DF7-83D8-BB617A3BB72D}.Debug|Any CPU.ActiveCfg = Debug|Any CPU
		{A2327927-2E7F-4DF7-83D8-BB617A3BB72D}.Debug|Any CPU.Build.0 = Debug|Any CPU
		{A2327927-2E7F-4DF7-83D8-BB617A3BB72D}.Debug|Mixed Platforms.ActiveCfg = Debug|Any CPU
		{A2327927-2E7F-4DF7-83D8-BB617A3BB72D}.Debug|Mixed Platforms.Build.0 = Debug|Any CPU
		{A2327927-2E7F-4DF7-83D8-BB617A3BB72D}.Debug|x86.ActiveCfg = Debug|Any CPU
		{A2327927-2E7F-4DF7-83D8-BB617A3BB72D}.Release|Any CPU.ActiveCfg = Release|Any CPU
		{A2327927-2E7F-4DF7-83D8-BB617A3BB72D}.Release|Any CPU.Build.0 = Release|Any CPU
		{A2327927-2E7F-4DF7-83D8-BB617A3BB72D}.Release|Mixed Platforms.ActiveCfg = Release|Any CPU
		{A2327927-2E7F-4DF7-83D8-BB617A3BB72D}.Release|Mixed Platforms.Build.0 = Release|Any CPU
		{A2327927-2E7F-4DF7-83D8-BB617A3BB72D}.Release|x86.ActiveCfg = Release|Any CPU
		{7C3BCAC6-0329-42E3-846E-2C3AAECAF03B}.Debug|Any CPU.ActiveCfg = Debug|Any CPU
		{7C3BCAC6-0329-42E3-846E-2C3AAECAF03B}.Debug|Any CPU.Build.0 = Debug|Any CPU
		{7C3BCAC6-0329-42E3-846E-2C3AAECAF03B}.Debug|Mixed Platforms.ActiveCfg = Debug|Any CPU
		{7C3BCAC6-0329-42E3-846E-2C3AAECAF03B}.Debug|Mixed Platforms.Build.0 = Debug|Any CPU
		{7C3BCAC6-0329-42E3-846E-2C3AAECAF03B}.Debug|x86.ActiveCfg = Debug|Any CPU
		{7C3BCAC6-0329-42E3-846E-2C3AAECAF03B}.Release|Any CPU.ActiveCfg = Release|Any CPU
		{7C3BCAC6-0329-42E3-846E-2C3AAECAF03B}.Release|Any CPU.Build.0 = Release|Any CPU
		{7C3BCAC6-0329-42E3-846E-2C3AAECAF03B}.Release|Mixed Platforms.ActiveCfg = Release|Any CPU
		{7C3BCAC6-0329-42E3-846E-2C3AAECAF03B}.Release|Mixed Platforms.Build.0 = Release|Any CPU
		{7C3BCAC6-0329-42E3-846E-2C3AAECAF03B}.Release|x86.ActiveCfg = Release|Any CPU
		{331B4A2C-5544-4D0E-B471-ABADA28B2496}.Debug|Any CPU.ActiveCfg = Debug|Any CPU
		{331B4A2C-5544-4D0E-B471-ABADA28B2496}.Debug|Any CPU.Build.0 = Debug|Any CPU
		{331B4A2C-5544-4D0E-B471-ABADA28B2496}.Debug|Mixed Platforms.ActiveCfg = Debug|Any CPU
		{331B4A2C-5544-4D0E-B471-ABADA28B2496}.Debug|Mixed Platforms.Build.0 = Debug|Any CPU
		{331B4A2C-5544-4D0E-B471-ABADA28B2496}.Debug|x86.ActiveCfg = Debug|Any CPU
		{331B4A2C-5544-4D0E-B471-ABADA28B2496}.Release|Any CPU.ActiveCfg = Release|Any CPU
		{331B4A2C-5544-4D0E-B471-ABADA28B2496}.Release|Any CPU.Build.0 = Release|Any CPU
		{331B4A2C-5544-4D0E-B471-ABADA28B2496}.Release|Mixed Platforms.ActiveCfg = Release|Any CPU
		{331B4A2C-5544-4D0E-B471-ABADA28B2496}.Release|Mixed Platforms.Build.0 = Release|Any CPU
		{331B4A2C-5544-4D0E-B471-ABADA28B2496}.Release|x86.ActiveCfg = Release|Any CPU
		{55CA50AC-5C76-44B4-9579-FF9090E1D905}.Debug|Any CPU.ActiveCfg = Debug|Any CPU
		{55CA50AC-5C76-44B4-9579-FF9090E1D905}.Debug|Any CPU.Build.0 = Debug|Any CPU
		{55CA50AC-5C76-44B4-9579-FF9090E1D905}.Debug|Mixed Platforms.ActiveCfg = Debug|Any CPU
		{55CA50AC-5C76-44B4-9579-FF9090E1D905}.Debug|Mixed Platforms.Build.0 = Debug|Any CPU
		{55CA50AC-5C76-44B4-9579-FF9090E1D905}.Debug|x86.ActiveCfg = Debug|Any CPU
		{55CA50AC-5C76-44B4-9579-FF9090E1D905}.Release|Any CPU.ActiveCfg = Release|Any CPU
		{55CA50AC-5C76-44B4-9579-FF9090E1D905}.Release|Any CPU.Build.0 = Release|Any CPU
		{55CA50AC-5C76-44B4-9579-FF9090E1D905}.Release|Mixed Platforms.ActiveCfg = Release|Any CPU
		{55CA50AC-5C76-44B4-9579-FF9090E1D905}.Release|Mixed Platforms.Build.0 = Release|Any CPU
		{55CA50AC-5C76-44B4-9579-FF9090E1D905}.Release|x86.ActiveCfg = Release|Any CPU
		{0C072ED7-DAB6-4657-B92B-65EB54810774}.Debug|Any CPU.ActiveCfg = Debug|Any CPU
		{0C072ED7-DAB6-4657-B92B-65EB54810774}.Debug|Any CPU.Build.0 = Debug|Any CPU
		{0C072ED7-DAB6-4657-B92B-65EB54810774}.Debug|Mixed Platforms.ActiveCfg = Debug|Any CPU
		{0C072ED7-DAB6-4657-B92B-65EB54810774}.Debug|Mixed Platforms.Build.0 = Debug|Any CPU
		{0C072ED7-DAB6-4657-B92B-65EB54810774}.Debug|x86.ActiveCfg = Debug|Any CPU
		{0C072ED7-DAB6-4657-B92B-65EB54810774}.Release|Any CPU.ActiveCfg = Release|Any CPU
		{0C072ED7-DAB6-4657-B92B-65EB54810774}.Release|Any CPU.Build.0 = Release|Any CPU
		{0C072ED7-DAB6-4657-B92B-65EB54810774}.Release|Mixed Platforms.ActiveCfg = Release|Any CPU
		{0C072ED7-DAB6-4657-B92B-65EB54810774}.Release|Mixed Platforms.Build.0 = Release|Any CPU
		{0C072ED7-DAB6-4657-B92B-65EB54810774}.Release|x86.ActiveCfg = Release|Any CPU
		{E5BEF0B3-3307-4591-A2B9-3EBD3FEAED53}.Debug|Any CPU.ActiveCfg = Debug|Any CPU
		{E5BEF0B3-3307-4591-A2B9-3EBD3FEAED53}.Debug|Any CPU.Build.0 = Debug|Any CPU
		{E5BEF0B3-3307-4591-A2B9-3EBD3FEAED53}.Debug|Mixed Platforms.ActiveCfg = Debug|Any CPU
		{E5BEF0B3-3307-4591-A2B9-3EBD3FEAED53}.Debug|Mixed Platforms.Build.0 = Debug|Any CPU
		{E5BEF0B3-3307-4591-A2B9-3EBD3FEAED53}.Debug|x86.ActiveCfg = Debug|Any CPU
		{E5BEF0B3-3307-4591-A2B9-3EBD3FEAED53}.Release|Any CPU.ActiveCfg = Release|Any CPU
		{E5BEF0B3-3307-4591-A2B9-3EBD3FEAED53}.Release|Any CPU.Build.0 = Release|Any CPU
		{E5BEF0B3-3307-4591-A2B9-3EBD3FEAED53}.Release|Mixed Platforms.ActiveCfg = Release|Any CPU
		{E5BEF0B3-3307-4591-A2B9-3EBD3FEAED53}.Release|Mixed Platforms.Build.0 = Release|Any CPU
		{E5BEF0B3-3307-4591-A2B9-3EBD3FEAED53}.Release|x86.ActiveCfg = Release|Any CPU
		{285FF342-90C9-4D5C-ACA9-1CEC9E81131A}.Debug|Any CPU.ActiveCfg = Debug|Any CPU
		{285FF342-90C9-4D5C-ACA9-1CEC9E81131A}.Debug|Any CPU.Build.0 = Debug|Any CPU
		{285FF342-90C9-4D5C-ACA9-1CEC9E81131A}.Debug|Mixed Platforms.ActiveCfg = Debug|Any CPU
		{285FF342-90C9-4D5C-ACA9-1CEC9E81131A}.Debug|Mixed Platforms.Build.0 = Debug|Any CPU
		{285FF342-90C9-4D5C-ACA9-1CEC9E81131A}.Debug|x86.ActiveCfg = Debug|Any CPU
		{285FF342-90C9-4D5C-ACA9-1CEC9E81131A}.Release|Any CPU.ActiveCfg = Release|Any CPU
		{285FF342-90C9-4D5C-ACA9-1CEC9E81131A}.Release|Any CPU.Build.0 = Release|Any CPU
		{285FF342-90C9-4D5C-ACA9-1CEC9E81131A}.Release|Mixed Platforms.ActiveCfg = Release|Any CPU
		{285FF342-90C9-4D5C-ACA9-1CEC9E81131A}.Release|Mixed Platforms.Build.0 = Release|Any CPU
		{285FF342-90C9-4D5C-ACA9-1CEC9E81131A}.Release|x86.ActiveCfg = Release|Any CPU
		{0322529D-FD0D-4D5F-A3D0-A5B6296F00AE}.Debug|Any CPU.ActiveCfg = Debug|Any CPU
		{0322529D-FD0D-4D5F-A3D0-A5B6296F00AE}.Debug|Any CPU.Build.0 = Debug|Any CPU
		{0322529D-FD0D-4D5F-A3D0-A5B6296F00AE}.Debug|Mixed Platforms.ActiveCfg = Debug|Any CPU
		{0322529D-FD0D-4D5F-A3D0-A5B6296F00AE}.Debug|Mixed Platforms.Build.0 = Debug|Any CPU
		{0322529D-FD0D-4D5F-A3D0-A5B6296F00AE}.Debug|x86.ActiveCfg = Debug|Any CPU
		{0322529D-FD0D-4D5F-A3D0-A5B6296F00AE}.Release|Any CPU.ActiveCfg = Release|Any CPU
		{0322529D-FD0D-4D5F-A3D0-A5B6296F00AE}.Release|Any CPU.Build.0 = Release|Any CPU
		{0322529D-FD0D-4D5F-A3D0-A5B6296F00AE}.Release|Mixed Platforms.ActiveCfg = Release|Any CPU
		{0322529D-FD0D-4D5F-A3D0-A5B6296F00AE}.Release|Mixed Platforms.Build.0 = Release|Any CPU
		{0322529D-FD0D-4D5F-A3D0-A5B6296F00AE}.Release|x86.ActiveCfg = Release|Any CPU
		{467E249E-6656-499E-BA28-299DA422FB6B}.Debug|Any CPU.ActiveCfg = Debug|x86
		{467E249E-6656-499E-BA28-299DA422FB6B}.Debug|Mixed Platforms.ActiveCfg = Debug|x86
		{467E249E-6656-499E-BA28-299DA422FB6B}.Debug|Mixed Platforms.Build.0 = Debug|x86
		{467E249E-6656-499E-BA28-299DA422FB6B}.Debug|x86.ActiveCfg = Debug|x86
		{467E249E-6656-499E-BA28-299DA422FB6B}.Debug|x86.Build.0 = Debug|x86
		{467E249E-6656-499E-BA28-299DA422FB6B}.Release|Any CPU.ActiveCfg = Release|x86
		{467E249E-6656-499E-BA28-299DA422FB6B}.Release|Mixed Platforms.ActiveCfg = Release|x86
		{467E249E-6656-499E-BA28-299DA422FB6B}.Release|Mixed Platforms.Build.0 = Release|x86
		{467E249E-6656-499E-BA28-299DA422FB6B}.Release|x86.ActiveCfg = Release|x86
		{467E249E-6656-499E-BA28-299DA422FB6B}.Release|x86.Build.0 = Release|x86
	EndGlobalSection
	GlobalSection(SolutionProperties) = preSolution
		HideSolutionNode = FALSE
	EndGlobalSection
	GlobalSection(NestedProjects) = preSolution
		{EDFF63AB-3B20-41E6-869D-26AA995DE025} = {69953842-655B-4E4C-9CB0-284F0390D323}
		{3FF46FD1-492A-4DE9-BA07-4C5F1ACEA60E} = {69953842-655B-4E4C-9CB0-284F0390D323}
		{6A170104-5120-4E18-AF57-1D89F3CA2D74} = {69953842-655B-4E4C-9CB0-284F0390D323}
		{73F121D1-019B-40A5-9171-73B1030375F5} = {69953842-655B-4E4C-9CB0-284F0390D323}
		{EE878E3B-F721-444F-954F-562B192463E1} = {69953842-655B-4E4C-9CB0-284F0390D323}
		{8CC54AD5-B722-41D8-98C6-5C1C6FCA1869} = {69953842-655B-4E4C-9CB0-284F0390D323}
		{88554C06-0A93-4EE2-BF13-670433414698} = {69953842-655B-4E4C-9CB0-284F0390D323}
		{A2327927-2E7F-4DF7-83D8-BB617A3BB72D} = {69953842-655B-4E4C-9CB0-284F0390D323}
		{7C3BCAC6-0329-42E3-846E-2C3AAECAF03B} = {69953842-655B-4E4C-9CB0-284F0390D323}
		{331B4A2C-5544-4D0E-B471-ABADA28B2496} = {69953842-655B-4E4C-9CB0-284F0390D323}
		{55CA50AC-5C76-44B4-9579-FF9090E1D905} = {69953842-655B-4E4C-9CB0-284F0390D323}
		{285FF342-90C9-4D5C-ACA9-1CEC9E81131A} = {69953842-655B-4E4C-9CB0-284F0390D323}
		{0322529D-FD0D-4D5F-A3D0-A5B6296F00AE} = {69953842-655B-4E4C-9CB0-284F0390D323}
		{467E249E-6656-499E-BA28-299DA422FB6B} = {69953842-655B-4E4C-9CB0-284F0390D323}
	EndGlobalSection
EndGlobal
